
Microsoft Visual Studio Solution File, Format Version 12.00
# Visual Studio Version 16
VisualStudioVersion = 16.0.28922.388
MinimumVisualStudioVersion = 10.0.40219.1
Project("{FAE04EC0-301F-11D3-BF4B-00C04F79EFBC}") = "CalTool", "CalTool\CalTool.csproj", "{4B41E908-2E67-4A06-B122-9FA05E6DD993}"
EndProject
Project("{FAE04EC0-301F-11D3-BF4B-00C04F79EFBC}") = "AhrsMonitor", "AhrsMonitor\AhrsMonitor.csproj", "{A191F858-765E-47BE-B7A4-79517FF1746B}"
EndProject
Project("{FAE04EC0-301F-11D3-BF4B-00C04F79EFBC}") = "UATSim", "UATSim\UATSim.csproj", "{2EF2F8C2-A7B3-4C90-B8C7-0930391DD838}"
EndProject
Project("{8BC9CEB8-8B4A-11D0-8D11-00A0C91BC942}") = "Png2C", "Png2C\Png2C.vcxproj", "{2F7563EF-5A2F-4693-B963-F039D46E654E}"
EndProject
Project("{8BC9CEB8-8B4A-11D0-8D11-00A0C91BC942}") = "bin2c", "Bin2C\bin2c\bin2c.vcxproj", "{31125FE0-A7DD-408A-A998-C19750DC6F3A}"
EndProject
Project("{FAE04EC0-301F-11D3-BF4B-00C04F79EFBC}") = "GPSSim", "GPSSim\GPSSim.csproj", "{008B99F1-D3B0-4A85-B6B6-585644353499}"
EndProject
Project("{8BC9CEB8-8B4A-11D0-8D11-00A0C91BC942}") = "Wav2C", "Wav2C\Wav2C.vcxproj", "{E9236420-DF25-4FC3-9186-92A0BB68C7CE}"
EndProject
Project("{FAE04EC0-301F-11D3-BF4B-00C04F79EFBC}") = "STM32 Flash Loader", "PCBootLoader\STM32 Flash Loader\STM32 Flash Loader.csproj", "{F2A80228-9234-4748-A61B-F26D3C1EC7FA}"
EndProject
Project("{FAE04EC0-301F-11D3-BF4B-00C04F79EFBC}") = "ApaSim", "ApaSim\ApaSim.csproj", "{AD65E374-79C9-474A-A312-3D9ABDDB969C}"
EndProject
Global
	GlobalSection(SolutionConfigurationPlatforms) = preSolution
		Debug|Any CPU = Debug|Any CPU
		Debug|x64 = Debug|x64
		Debug|x86 = Debug|x86
		Release|Any CPU = Release|Any CPU
		Release|x64 = Release|x64
		Release|x86 = Release|x86
	EndGlobalSection
	GlobalSection(ProjectConfigurationPlatforms) = postSolution
		{4B41E908-2E67-4A06-B122-9FA05E6DD993}.Debug|Any CPU.ActiveCfg = Debug|Any CPU
		{4B41E908-2E67-4A06-B122-9FA05E6DD993}.Debug|Any CPU.Build.0 = Debug|Any CPU
		{4B41E908-2E67-4A06-B122-9FA05E6DD993}.Debug|x64.ActiveCfg = Debug|Any CPU
		{4B41E908-2E67-4A06-B122-9FA05E6DD993}.Debug|x64.Build.0 = Debug|Any CPU
		{4B41E908-2E67-4A06-B122-9FA05E6DD993}.Debug|x86.ActiveCfg = Debug|Any CPU
		{4B41E908-2E67-4A06-B122-9FA05E6DD993}.Debug|x86.Build.0 = Debug|Any CPU
		{4B41E908-2E67-4A06-B122-9FA05E6DD993}.Release|Any CPU.ActiveCfg = Release|Any CPU
		{4B41E908-2E67-4A06-B122-9FA05E6DD993}.Release|Any CPU.Build.0 = Release|Any CPU
		{4B41E908-2E67-4A06-B122-9FA05E6DD993}.Release|x64.ActiveCfg = Release|Any CPU
		{4B41E908-2E67-4A06-B122-9FA05E6DD993}.Release|x64.Build.0 = Release|Any CPU
		{4B41E908-2E67-4A06-B122-9FA05E6DD993}.Release|x86.ActiveCfg = Release|Any CPU
		{4B41E908-2E67-4A06-B122-9FA05E6DD993}.Release|x86.Build.0 = Release|Any CPU
		{A191F858-765E-47BE-B7A4-79517FF1746B}.Debug|Any CPU.ActiveCfg = Debug|Any CPU
		{A191F858-765E-47BE-B7A4-79517FF1746B}.Debug|Any CPU.Build.0 = Debug|Any CPU
		{A191F858-765E-47BE-B7A4-79517FF1746B}.Debug|x64.ActiveCfg = Debug|Any CPU
		{A191F858-765E-47BE-B7A4-79517FF1746B}.Debug|x64.Build.0 = Debug|Any CPU
		{A191F858-765E-47BE-B7A4-79517FF1746B}.Debug|x86.ActiveCfg = Debug|Any CPU
		{A191F858-765E-47BE-B7A4-79517FF1746B}.Debug|x86.Build.0 = Debug|Any CPU
		{A191F858-765E-47BE-B7A4-79517FF1746B}.Release|Any CPU.ActiveCfg = Release|Any CPU
		{A191F858-765E-47BE-B7A4-79517FF1746B}.Release|Any CPU.Build.0 = Release|Any CPU
		{A191F858-765E-47BE-B7A4-79517FF1746B}.Release|x64.ActiveCfg = Release|Any CPU
		{A191F858-765E-47BE-B7A4-79517FF1746B}.Release|x64.Build.0 = Release|Any CPU
		{A191F858-765E-47BE-B7A4-79517FF1746B}.Release|x86.ActiveCfg = Release|Any CPU
		{A191F858-765E-47BE-B7A4-79517FF1746B}.Release|x86.Build.0 = Release|Any CPU
		{2EF2F8C2-A7B3-4C90-B8C7-0930391DD838}.Debug|Any CPU.ActiveCfg = Debug|Any CPU
		{2EF2F8C2-A7B3-4C90-B8C7-0930391DD838}.Debug|Any CPU.Build.0 = Debug|Any CPU
		{2EF2F8C2-A7B3-4C90-B8C7-0930391DD838}.Debug|x64.ActiveCfg = Debug|Any CPU
		{2EF2F8C2-A7B3-4C90-B8C7-0930391DD838}.Debug|x64.Build.0 = Debug|Any CPU
		{2EF2F8C2-A7B3-4C90-B8C7-0930391DD838}.Debug|x86.ActiveCfg = Debug|Any CPU
		{2EF2F8C2-A7B3-4C90-B8C7-0930391DD838}.Debug|x86.Build.0 = Debug|Any CPU
		{2EF2F8C2-A7B3-4C90-B8C7-0930391DD838}.Release|Any CPU.ActiveCfg = Release|Any CPU
		{2EF2F8C2-A7B3-4C90-B8C7-0930391DD838}.Release|Any CPU.Build.0 = Release|Any CPU
		{2EF2F8C2-A7B3-4C90-B8C7-0930391DD838}.Release|x64.ActiveCfg = Release|Any CPU
		{2EF2F8C2-A7B3-4C90-B8C7-0930391DD838}.Release|x64.Build.0 = Release|Any CPU
		{2EF2F8C2-A7B3-4C90-B8C7-0930391DD838}.Release|x86.ActiveCfg = Release|Any CPU
		{2EF2F8C2-A7B3-4C90-B8C7-0930391DD838}.Release|x86.Build.0 = Release|Any CPU
		{2F7563EF-5A2F-4693-B963-F039D46E654E}.Debug|Any CPU.ActiveCfg = Debug|Win32
		{2F7563EF-5A2F-4693-B963-F039D46E654E}.Debug|x64.ActiveCfg = Debug|x64
		{2F7563EF-5A2F-4693-B963-F039D46E654E}.Debug|x64.Build.0 = Debug|x64
		{2F7563EF-5A2F-4693-B963-F039D46E654E}.Debug|x86.ActiveCfg = Debug|Win32
		{2F7563EF-5A2F-4693-B963-F039D46E654E}.Debug|x86.Build.0 = Debug|Win32
		{2F7563EF-5A2F-4693-B963-F039D46E654E}.Release|Any CPU.ActiveCfg = Release|Win32
		{2F7563EF-5A2F-4693-B963-F039D46E654E}.Release|x64.ActiveCfg = Release|x64
		{2F7563EF-5A2F-4693-B963-F039D46E654E}.Release|x64.Build.0 = Release|x64
		{2F7563EF-5A2F-4693-B963-F039D46E654E}.Release|x86.ActiveCfg = Release|Win32
		{2F7563EF-5A2F-4693-B963-F039D46E654E}.Release|x86.Build.0 = Release|Win32
		{31125FE0-A7DD-408A-A998-C19750DC6F3A}.Debug|Any CPU.ActiveCfg = Debug|Win32
		{31125FE0-A7DD-408A-A998-C19750DC6F3A}.Debug|x64.ActiveCfg = Debug|Win32
		{31125FE0-A7DD-408A-A998-C19750DC6F3A}.Debug|x86.ActiveCfg = Debug|Win32
		{31125FE0-A7DD-408A-A998-C19750DC6F3A}.Debug|x86.Build.0 = Debug|Win32
		{31125FE0-A7DD-408A-A998-C19750DC6F3A}.Release|Any CPU.ActiveCfg = Release|Win32
		{31125FE0-A7DD-408A-A998-C19750DC6F3A}.Release|x64.ActiveCfg = Release|Win32
		{31125FE0-A7DD-408A-A998-C19750DC6F3A}.Release|x86.ActiveCfg = Release|Win32
		{31125FE0-A7DD-408A-A998-C19750DC6F3A}.Release|x86.Build.0 = Release|Win32
		{008B99F1-D3B0-4A85-B6B6-585644353499}.Debug|Any CPU.ActiveCfg = Debug|Any CPU
		{008B99F1-D3B0-4A85-B6B6-585644353499}.Debug|Any CPU.Build.0 = Debug|Any CPU
		{008B99F1-D3B0-4A85-B6B6-585644353499}.Debug|x64.ActiveCfg = Debug|Any CPU
		{008B99F1-D3B0-4A85-B6B6-585644353499}.Debug|x64.Build.0 = Debug|Any CPU
		{008B99F1-D3B0-4A85-B6B6-585644353499}.Debug|x86.ActiveCfg = Debug|Any CPU
		{008B99F1-D3B0-4A85-B6B6-585644353499}.Debug|x86.Build.0 = Debug|Any CPU
		{008B99F1-D3B0-4A85-B6B6-585644353499}.Release|Any CPU.ActiveCfg = Release|Any CPU
		{008B99F1-D3B0-4A85-B6B6-585644353499}.Release|Any CPU.Build.0 = Release|Any CPU
		{008B99F1-D3B0-4A85-B6B6-585644353499}.Release|x64.ActiveCfg = Release|Any CPU
		{008B99F1-D3B0-4A85-B6B6-585644353499}.Release|x64.Build.0 = Release|Any CPU
		{008B99F1-D3B0-4A85-B6B6-585644353499}.Release|x86.ActiveCfg = Release|Any CPU
		{008B99F1-D3B0-4A85-B6B6-585644353499}.Release|x86.Build.0 = Release|Any CPU
		{E9236420-DF25-4FC3-9186-92A0BB68C7CE}.Debug|Any CPU.ActiveCfg = Debug|Win32
		{E9236420-DF25-4FC3-9186-92A0BB68C7CE}.Debug|x64.ActiveCfg = Debug|x64
		{E9236420-DF25-4FC3-9186-92A0BB68C7CE}.Debug|x64.Build.0 = Debug|x64
		{E9236420-DF25-4FC3-9186-92A0BB68C7CE}.Debug|x86.ActiveCfg = Debug|Win32
		{E9236420-DF25-4FC3-9186-92A0BB68C7CE}.Debug|x86.Build.0 = Debug|Win32
		{E9236420-DF25-4FC3-9186-92A0BB68C7CE}.Release|Any CPU.ActiveCfg = Release|Win32
		{E9236420-DF25-4FC3-9186-92A0BB68C7CE}.Release|x64.ActiveCfg = Release|x64
		{E9236420-DF25-4FC3-9186-92A0BB68C7CE}.Release|x64.Build.0 = Release|x64
		{E9236420-DF25-4FC3-9186-92A0BB68C7CE}.Release|x86.ActiveCfg = Release|Win32
		{E9236420-DF25-4FC3-9186-92A0BB68C7CE}.Release|x86.Build.0 = Release|Win32
		{F2A80228-9234-4748-A61B-F26D3C1EC7FA}.Debug|Any CPU.ActiveCfg = Debug|Any CPU
		{F2A80228-9234-4748-A61B-F26D3C1EC7FA}.Debug|Any CPU.Build.0 = Debug|Any CPU
		{F2A80228-9234-4748-A61B-F26D3C1EC7FA}.Debug|x64.ActiveCfg = Debug|Any CPU
		{F2A80228-9234-4748-A61B-F26D3C1EC7FA}.Debug|x64.Build.0 = Debug|Any CPU
		{F2A80228-9234-4748-A61B-F26D3C1EC7FA}.Debug|x86.ActiveCfg = Debug|Any CPU
		{F2A80228-9234-4748-A61B-F26D3C1EC7FA}.Debug|x86.Build.0 = Debug|Any CPU
		{F2A80228-9234-4748-A61B-F26D3C1EC7FA}.Release|Any CPU.ActiveCfg = Release|Any CPU
		{F2A80228-9234-4748-A61B-F26D3C1EC7FA}.Release|Any CPU.Build.0 = Release|Any CPU
		{F2A80228-9234-4748-A61B-F26D3C1EC7FA}.Release|x64.ActiveCfg = Release|Any CPU
		{F2A80228-9234-4748-A61B-F26D3C1EC7FA}.Release|x64.Build.0 = Release|Any CPU
		{F2A80228-9234-4748-A61B-F26D3C1EC7FA}.Release|x86.ActiveCfg = Release|Any CPU
		{F2A80228-9234-4748-A61B-F26D3C1EC7FA}.Release|x86.Build.0 = Release|Any CPU
		{AD65E374-79C9-474A-A312-3D9ABDDB969C}.Debug|Any CPU.ActiveCfg = Debug|Any CPU
		{AD65E374-79C9-474A-A312-3D9ABDDB969C}.Debug|Any CPU.Build.0 = Debug|Any CPU
		{AD65E374-79C9-474A-A312-3D9ABDDB969C}.Debug|x64.ActiveCfg = Debug|Any CPU
		{AD65E374-79C9-474A-A312-3D9ABDDB969C}.Debug|x64.Build.0 = Debug|Any CPU
		{AD65E374-79C9-474A-A312-3D9ABDDB969C}.Debug|x86.ActiveCfg = Debug|Any CPU
		{AD65E374-79C9-474A-A312-3D9ABDDB969C}.Debug|x86.Build.0 = Debug|Any CPU
		{AD65E374-79C9-474A-A312-3D9ABDDB969C}.Release|Any CPU.ActiveCfg = Release|Any CPU
		{AD65E374-79C9-474A-A312-3D9ABDDB969C}.Release|Any CPU.Build.0 = Release|Any CPU
		{AD65E374-79C9-474A-A312-3D9ABDDB969C}.Release|x64.ActiveCfg = Release|Any CPU
		{AD65E374-79C9-474A-A312-3D9ABDDB969C}.Release|x64.Build.0 = Release|Any CPU
		{AD65E374-79C9-474A-A312-3D9ABDDB969C}.Release|x86.ActiveCfg = Release|Any CPU
		{AD65E374-79C9-474A-A312-3D9ABDDB969C}.Release|x86.Build.0 = Release|Any CPU
	EndGlobalSection
	GlobalSection(SolutionProperties) = preSolution
		HideSolutionNode = FALSE
	EndGlobalSection
	GlobalSection(ExtensibilityGlobals) = postSolution
		SolutionGuid = {07355324-925E-4011-9F5E-A82186106506}
	EndGlobalSection
EndGlobal
